{
  "name": "zai-yt-keitaro",
  "lockfileVersion": 3,
  "requires": true,
  "packages": {
    "": {
      "dependencies": {
        "@hpcc-js/wasm-graphviz": "^1.21.2"
      }
    },
    "node_modules/@hpcc-js/wasm-graphviz": {
      "version": "1.21.2",
      "resolved": "https://registry.npmjs.org/@hpcc-js/wasm-graphviz/-/wasm-graphviz-1.21.2.tgz",
      "integrity": "sha512-UKvY3MSI1CfkOsVL6Wgg9m8S0x/28u27NgFX5UG+myTYfxU0Sl6jYKXQkcEQLZfulHKQjgHjz5/Rpw5R0CC3/g==",
      "license": "Apache-2.0"
    }
  }
}
